
Microsoft Visual Studio Solution File, Format Version 12.00
# Visual Studio Version 17
VisualStudioVersion = 17.5.33502.453
MinimumVisualStudioVersion = 10.0.40219.1
Project("{FAE04EC0-301F-11D3-BF4B-00C04F79EFBC}") = "SumUs_Factorial", "SumUs_Factorial\SumUs_Factorial.csproj", "{5F82B508-D588-4716-9175-DCBB091B2266}"
EndProject
Global
	GlobalSection(SolutionConfigurationPlatforms) = preSolution
		Debug|Any CPU = Debug|Any CPU
		Release|Any CPU = Release|Any CPU
	EndGlobalSection
	GlobalSection(ProjectConfigurationPlatforms) = postSolution
		{5F82B508-D588-4716-9175-DCBB091B2266}.Debug|Any CPU.ActiveCfg = Debug|Any CPU
		{5F82B508-D588-4716-9175-DCBB091B2266}.Debug|Any CPU.Build.0 = Debug|Any CPU
		{5F82B508-D588-4716-9175-DCBB091B2266}.Release|Any CPU.ActiveCfg = Release|Any CPU
		{5F82B508-D588-4716-9175-DCBB091B2266}.Release|Any CPU.Build.0 = Release|Any CPU
	EndGlobalSection
	GlobalSection(SolutionProperties) = preSolution
		HideSolutionNode = FALSE
	EndGlobalSection
	GlobalSection(ExtensibilityGlobals) = postSolution
		SolutionGuid = {628CC1A5-F3D2-4717-A348-D79CE8ED158C}
	EndGlobalSection
EndGlobal
